// !$*UTF8*$!
{
	archiveVersion = 1;
	classes = {
	};
	objectVersion = 46;
	objects = {

/* Begin PBXBuildFile section */
		4F117619191DF0BB00C0000D /* CFIApi.m in Sources */ = {isa = PBXBuildFile; fileRef = 4F117614191DF0BB00C0000D /* CFIApi.m */; };
		4F11761A191DF0BB00C0000D /* MPMuseumDataApi.m in Sources */ = {isa = PBXBuildFile; fileRef = 4F117616191DF0BB00C0000D /* MPMuseumDataApi.m */; };
		4F11761B191DF0BB00C0000D /* CFILoginDetails.m in Sources */ = {isa = PBXBuildFile; fileRef = 4F117618191DF0BB00C0000D /* CFILoginDetails.m */; };
		4F11761E191DF1A100C0000D /* CFILocation.m in Sources */ = {isa = PBXBuildFile; fileRef = 4F11761D191DF1A100C0000D /* CFILocation.m */; };
		4F117621191DF24B00C0000D /* CFIIncidentLoacation.m in Sources */ = {isa = PBXBuildFile; fileRef = 4F117620191DF24B00C0000D /* CFIIncidentLoacation.m */; };
		4F117627191E270E00C0000D /* CFIRootViewController.m in Sources */ = {isa = PBXBuildFile; fileRef = 4F117625191E270E00C0000D /* CFIRootViewController.m */; };
		4F117628191E270E00C0000D /* CFIRootViewController.xib in Resources */ = {isa = PBXBuildFile; fileRef = 4F117626191E270E00C0000D /* CFIRootViewController.xib */; };
		4F2554E6191E35CD00B7B775 /* CoreLocation.framework in Frameworks */ = {isa = PBXBuildFile; fileRef = 4F2554E5191E35CD00B7B775 /* CoreLocation.framework */; };
		4F2554E8191E35D200B7B775 /* CoreData.framework in Frameworks */ = {isa = PBXBuildFile; fileRef = 4F2554E7191E35D200B7B775 /* CoreData.framework */; };
		4F2554EA191E35E600B7B775 /* CoreText.framework in Frameworks */ = {isa = PBXBuildFile; fileRef = 4F2554E9191E35E600B7B775 /* CoreText.framework */; };
		4F2554EC191E35EC00B7B775 /* AVFoundation.framework in Frameworks */ = {isa = PBXBuildFile; fileRef = 4F2554EB191E35EC00B7B775 /* AVFoundation.framework */; };
		4F2554EE191E35F800B7B775 /* GLKit.framework in Frameworks */ = {isa = PBXBuildFile; fileRef = 4F2554ED191E35F800B7B775 /* GLKit.framework */; };
		4F2554F0191E35FC00B7B775 /* ImageIO.framework in Frameworks */ = {isa = PBXBuildFile; fileRef = 4F2554EF191E35FC00B7B775 /* ImageIO.framework */; };
		4F2554F2191E360500B7B775 /* libc++.dylib in Frameworks */ = {isa = PBXBuildFile; fileRef = 4F2554F1191E360500B7B775 /* libc++.dylib */; };
		4F2554F4191E361000B7B775 /* libicucore.dylib in Frameworks */ = {isa = PBXBuildFile; fileRef = 4F2554F3191E361000B7B775 /* libicucore.dylib */; };
		4F2554F6191E361700B7B775 /* libz.dylib in Frameworks */ = {isa = PBXBuildFile; fileRef = 4F2554F5191E361700B7B775 /* libz.dylib */; };
		4F2554F8191E361E00B7B775 /* OpenGLES.framework in Frameworks */ = {isa = PBXBuildFile; fileRef = 4F2554F7191E361E00B7B775 /* OpenGLES.framework */; };
		4F2554FA191E362600B7B775 /* QuartzCore.framework in Frameworks */ = {isa = PBXBuildFile; fileRef = 4F2554F9191E362600B7B775 /* QuartzCore.framework */; };
		4F2554FC191E363200B7B775 /* SystemConfiguration.framework in Frameworks */ = {isa = PBXBuildFile; fileRef = 4F2554FB191E363200B7B775 /* SystemConfiguration.framework */; };
		4F255503191E36AB00B7B775 /* CFIMapViewController.m in Sources */ = {isa = PBXBuildFile; fileRef = 4F255502191E36AB00B7B775 /* CFIMapViewController.m */; };
		4F255505191E372000B7B775 /* GoogleMaps.bundle in Resources */ = {isa = PBXBuildFile; fileRef = 4F255504191E372000B7B775 /* GoogleMaps.bundle */; };
		4F255507191E381300B7B775 /* GoogleMaps.framework in Frameworks */ = {isa = PBXBuildFile; fileRef = 4F255506191E381300B7B775 /* GoogleMaps.framework */; };
		4F255516191E4EA300B7B775 /* ico_map.png in Resources */ = {isa = PBXBuildFile; fileRef = 4F25550D191E4EA300B7B775 /* ico_map.png */; };
		4F255517191E4EA300B7B775 /* ico_map@2x.png in Resources */ = {isa = PBXBuildFile; fileRef = 4F25550E191E4EA300B7B775 /* ico_map@2x.png */; };
		4F255518191E4EA300B7B775 /* ico_qrcode.png in Resources */ = {isa = PBXBuildFile; fileRef = 4F25550F191E4EA300B7B775 /* ico_qrcode.png */; };
		4F255519191E4EA300B7B775 /* ico_qrcode@2x.png in Resources */ = {isa = PBXBuildFile; fileRef = 4F255510191E4EA300B7B775 /* ico_qrcode@2x.png */; };
		4F25551A191E4EA300B7B775 /* ico_register.png in Resources */ = {isa = PBXBuildFile; fileRef = 4F255511191E4EA300B7B775 /* ico_register.png */; };
		4F25551B191E4EA300B7B775 /* ico_register@2x.png in Resources */ = {isa = PBXBuildFile; fileRef = 4F255512191E4EA300B7B775 /* ico_register@2x.png */; };
		4F25551C191E4EA300B7B775 /* ico_statics.png in Resources */ = {isa = PBXBuildFile; fileRef = 4F255513191E4EA300B7B775 /* ico_statics.png */; };
		4F25551D191E4EA300B7B775 /* ico_statics@2x.png in Resources */ = {isa = PBXBuildFile; fileRef = 4F255514191E4EA300B7B775 /* ico_statics@2x.png */; };
		4F255520191E501A00B7B775 /* storm.jpg in Resources */ = {isa = PBXBuildFile; fileRef = 4F25551F191E501A00B7B775 /* storm.jpg */; };
		4F441905191DDE16005EE6F5 /* Foundation.framework in Frameworks */ = {isa = PBXBuildFile; fileRef = 4F441904191DDE16005EE6F5 /* Foundation.framework */; };
		4F441907191DDE16005EE6F5 /* CoreGraphics.framework in Frameworks */ = {isa = PBXBuildFile; fileRef = 4F441906191DDE16005EE6F5 /* CoreGraphics.framework */; };
		4F441909191DDE16005EE6F5 /* UIKit.framework in Frameworks */ = {isa = PBXBuildFile; fileRef = 4F441908191DDE16005EE6F5 /* UIKit.framework */; };
		4F44190F191DDE17005EE6F5 /* InfoPlist.strings in Resources */ = {isa = PBXBuildFile; fileRef = 4F44190D191DDE17005EE6F5 /* InfoPlist.strings */; };
		4F441911191DDE17005EE6F5 /* main.m in Sources */ = {isa = PBXBuildFile; fileRef = 4F441910191DDE17005EE6F5 /* main.m */; };
		4F441915191DDE17005EE6F5 /* CFIAppDelegate.m in Sources */ = {isa = PBXBuildFile; fileRef = 4F441914191DDE17005EE6F5 /* CFIAppDelegate.m */; };
		4F441917191DDE17005EE6F5 /* Images.xcassets in Resources */ = {isa = PBXBuildFile; fileRef = 4F441916191DDE17005EE6F5 /* Images.xcassets */; };
		4F44191E191DDE17005EE6F5 /* XCTest.framework in Frameworks */ = {isa = PBXBuildFile; fileRef = 4F44191D191DDE17005EE6F5 /* XCTest.framework */; };
		4F44191F191DDE17005EE6F5 /* Foundation.framework in Frameworks */ = {isa = PBXBuildFile; fileRef = 4F441904191DDE16005EE6F5 /* Foundation.framework */; };
		4F441920191DDE17005EE6F5 /* UIKit.framework in Frameworks */ = {isa = PBXBuildFile; fileRef = 4F441908191DDE16005EE6F5 /* UIKit.framework */; };
		4F441928191DDE17005EE6F5 /* InfoPlist.strings in Resources */ = {isa = PBXBuildFile; fileRef = 4F441926191DDE17005EE6F5 /* InfoPlist.strings */; };
		4F44192A191DDE17005EE6F5 /* FCSKTests.m in Sources */ = {isa = PBXBuildFile; fileRef = 4F441929191DDE17005EE6F5 /* FCSKTests.m */; };
		4F44193C191DEB7E005EE6F5 /* CFIBaseitem.m in Sources */ = {isa = PBXBuildFile; fileRef = 4F441939191DEB7E005EE6F5 /* CFIBaseitem.m */; };
		4F44193D191DEB7E005EE6F5 /* CFIUserDetails.m in Sources */ = {isa = PBXBuildFile; fileRef = 4F44193B191DEB7E005EE6F5 /* CFIUserDetails.m */; };
		C3B3F41A191E4469006D5BB4 /* UIAlertView+Blocks.m in Sources */ = {isa = PBXBuildFile; fileRef = C3B3F419191E4469006D5BB4 /* UIAlertView+Blocks.m */; };
		C3B3F41E191E5D76006D5BB4 /* CFIRegisterUserViewController.m in Sources */ = {isa = PBXBuildFile; fileRef = C3B3F41C191E5D76006D5BB4 /* CFIRegisterUserViewController.m */; };
		C3B3F41F191E5D76006D5BB4 /* CFIRegisterUserViewController.xib in Resources */ = {isa = PBXBuildFile; fileRef = C3B3F41D191E5D76006D5BB4 /* CFIRegisterUserViewController.xib */; };
		C3B3F421191E5DAC006D5BB4 /* CFIScanViewController.xib in Resources */ = {isa = PBXBuildFile; fileRef = C3B3F420191E5DAC006D5BB4 /* CFIScanViewController.xib */; };
		C3E7EA45191E2853002EFA46 /* CFISignInViewController.m in Sources */ = {isa = PBXBuildFile; fileRef = C3E7EA43191E2853002EFA46 /* CFISignInViewController.m */; };
		C3E7EA46191E2853002EFA46 /* CFISignInViewController.xib in Resources */ = {isa = PBXBuildFile; fileRef = C3E7EA44191E2853002EFA46 /* CFISignInViewController.xib */; };
		C3E7EA4B191E2B8D002EFA46 /* input_field_email_address.png in Resources */ = {isa = PBXBuildFile; fileRef = C3E7EA49191E2B8D002EFA46 /* input_field_email_address.png */; };
		C3E7EA4C191E2B8D002EFA46 /* input_field_email_address@2x.png in Resources */ = {isa = PBXBuildFile; fileRef = C3E7EA4A191E2B8D002EFA46 /* input_field_email_address@2x.png */; };
		C3E7EA56191E31CD002EFA46 /* SCViewController.m in Sources */ = {isa = PBXBuildFile; fileRef = C3E7EA53191E31CD002EFA46 /* SCViewController.m */; };
		C3E7EA58191E31CD002EFA46 /* beep.mp3 in Resources */ = {isa = PBXBuildFile; fileRef = C3E7EA55191E31CD002EFA46 /* beep.mp3 */; };
		C3E7EA5B191E3240002EFA46 /* KSXMLParser.m in Sources */ = {isa = PBXBuildFile; fileRef = C3E7EA5A191E3240002EFA46 /* KSXMLParser.m */; };
		C3E7EA5E191E3272002EFA46 /* SCShapeView.m in Sources */ = {isa = PBXBuildFile; fileRef = C3E7EA5D191E3272002EFA46 /* SCShapeView.m */; };
/* End PBXBuildFile section */

/* Begin PBXContainerItemProxy section */
		4F441921191DDE17005EE6F5 /* PBXContainerItemProxy */ = {
			isa = PBXContainerItemProxy;
			containerPortal = 4F4418F9191DDE16005EE6F5 /* Project object */;
			proxyType = 1;
			remoteGlobalIDString = 4F441900191DDE16005EE6F5;
			remoteInfo = FCSK;
		};
/* End PBXContainerItemProxy section */

/* Begin PBXFileReference section */
		4F117613191DF0BB00C0000D /* CFIApi.h */ = {isa = PBXFileReference; fileEncoding = 4; lastKnownFileType = sourcecode.c.h; path = CFIApi.h; sourceTree = "<group>"; };
		4F117614191DF0BB00C0000D /* CFIApi.m */ = {isa = PBXFileReference; fileEncoding = 4; lastKnownFileType = sourcecode.c.objc; path = CFIApi.m; sourceTree = "<group>"; };
		4F117615191DF0BB00C0000D /* MPMuseumDataApi.h */ = {isa = PBXFileReference; fileEncoding = 4; lastKnownFileType = sourcecode.c.h; path = MPMuseumDataApi.h; sourceTree = "<group>"; };
		4F117616191DF0BB00C0000D /* MPMuseumDataApi.m */ = {isa = PBXFileReference; fileEncoding = 4; lastKnownFileType = sourcecode.c.objc; path = MPMuseumDataApi.m; sourceTree = "<group>"; };
		4F117617191DF0BB00C0000D /* CFILoginDetails.h */ = {isa = PBXFileReference; fileEncoding = 4; lastKnownFileType = sourcecode.c.h; path = CFILoginDetails.h; sourceTree = "<group>"; };
		4F117618191DF0BB00C0000D /* CFILoginDetails.m */ = {isa = PBXFileReference; fileEncoding = 4; lastKnownFileType = sourcecode.c.objc; path = CFILoginDetails.m; sourceTree = "<group>"; };
		4F11761C191DF1A100C0000D /* CFILocation.h */ = {isa = PBXFileReference; fileEncoding = 4; lastKnownFileType = sourcecode.c.h; path = CFILocation.h; sourceTree = "<group>"; };
		4F11761D191DF1A100C0000D /* CFILocation.m */ = {isa = PBXFileReference; fileEncoding = 4; lastKnownFileType = sourcecode.c.objc; path = CFILocation.m; sourceTree = "<group>"; };
		4F11761F191DF24B00C0000D /* CFIIncidentLoacation.h */ = {isa = PBXFileReference; fileEncoding = 4; lastKnownFileType = sourcecode.c.h; path = CFIIncidentLoacation.h; sourceTree = "<group>"; };
		4F117620191DF24B00C0000D /* CFIIncidentLoacation.m */ = {isa = PBXFileReference; fileEncoding = 4; lastKnownFileType = sourcecode.c.objc; path = CFIIncidentLoacation.m; sourceTree = "<group>"; };
		4F117624191E270E00C0000D /* CFIRootViewController.h */ = {isa = PBXFileReference; fileEncoding = 4; lastKnownFileType = sourcecode.c.h; name = CFIRootViewController.h; path = Controllers/CFIRootViewController.h; sourceTree = "<group>"; };
		4F117625191E270E00C0000D /* CFIRootViewController.m */ = {isa = PBXFileReference; fileEncoding = 4; lastKnownFileType = sourcecode.c.objc; name = CFIRootViewController.m; path = Controllers/CFIRootViewController.m; sourceTree = "<group>"; };
		4F117626191E270E00C0000D /* CFIRootViewController.xib */ = {isa = PBXFileReference; fileEncoding = 4; lastKnownFileType = file.xib; name = CFIRootViewController.xib; path = Controllers/CFIRootViewController.xib; sourceTree = "<group>"; };
		4F2554E5191E35CD00B7B775 /* CoreLocation.framework */ = {isa = PBXFileReference; lastKnownFileType = wrapper.framework; name = CoreLocation.framework; path = System/Library/Frameworks/CoreLocation.framework; sourceTree = SDKROOT; };
		4F2554E7191E35D200B7B775 /* CoreData.framework */ = {isa = PBXFileReference; lastKnownFileType = wrapper.framework; name = CoreData.framework; path = System/Library/Frameworks/CoreData.framework; sourceTree = SDKROOT; };
		4F2554E9191E35E600B7B775 /* CoreText.framework */ = {isa = PBXFileReference; lastKnownFileType = wrapper.framework; name = CoreText.framework; path = System/Library/Frameworks/CoreText.framework; sourceTree = SDKROOT; };
		4F2554EB191E35EC00B7B775 /* AVFoundation.framework */ = {isa = PBXFileReference; lastKnownFileType = wrapper.framework; name = AVFoundation.framework; path = System/Library/Frameworks/AVFoundation.framework; sourceTree = SDKROOT; };
		4F2554ED191E35F800B7B775 /* GLKit.framework */ = {isa = PBXFileReference; lastKnownFileType = wrapper.framework; name = GLKit.framework; path = System/Library/Frameworks/GLKit.framework; sourceTree = SDKROOT; };
		4F2554EF191E35FC00B7B775 /* ImageIO.framework */ = {isa = PBXFileReference; lastKnownFileType = wrapper.framework; name = ImageIO.framework; path = System/Library/Frameworks/ImageIO.framework; sourceTree = SDKROOT; };
		4F2554F1191E360500B7B775 /* libc++.dylib */ = {isa = PBXFileReference; lastKnownFileType = "compiled.mach-o.dylib"; name = "libc++.dylib"; path = "usr/lib/libc++.dylib"; sourceTree = SDKROOT; };
		4F2554F3191E361000B7B775 /* libicucore.dylib */ = {isa = PBXFileReference; lastKnownFileType = "compiled.mach-o.dylib"; name = libicucore.dylib; path = usr/lib/libicucore.dylib; sourceTree = SDKROOT; };
		4F2554F5191E361700B7B775 /* libz.dylib */ = {isa = PBXFileReference; lastKnownFileType = "compiled.mach-o.dylib"; name = libz.dylib; path = usr/lib/libz.dylib; sourceTree = SDKROOT; };
		4F2554F7191E361E00B7B775 /* OpenGLES.framework */ = {isa = PBXFileReference; lastKnownFileType = wrapper.framework; name = OpenGLES.framework; path = System/Library/Frameworks/OpenGLES.framework; sourceTree = SDKROOT; };
		4F2554F9191E362600B7B775 /* QuartzCore.framework */ = {isa = PBXFileReference; lastKnownFileType = wrapper.framework; name = QuartzCore.framework; path = System/Library/Frameworks/QuartzCore.framework; sourceTree = SDKROOT; };
		4F2554FB191E363200B7B775 /* SystemConfiguration.framework */ = {isa = PBXFileReference; lastKnownFileType = wrapper.framework; name = SystemConfiguration.framework; path = System/Library/Frameworks/SystemConfiguration.framework; sourceTree = SDKROOT; };
		4F255501191E36AB00B7B775 /* CFIMapViewController.h */ = {isa = PBXFileReference; fileEncoding = 4; lastKnownFileType = sourcecode.c.h; name = CFIMapViewController.h; path = Controllers/CFIMapViewController.h; sourceTree = "<group>"; };
		4F255502191E36AB00B7B775 /* CFIMapViewController.m */ = {isa = PBXFileReference; fileEncoding = 4; lastKnownFileType = sourcecode.c.objc; name = CFIMapViewController.m; path = Controllers/CFIMapViewController.m; sourceTree = "<group>"; };
		4F255504191E372000B7B775 /* GoogleMaps.bundle */ = {isa = PBXFileReference; lastKnownFileType = "wrapper.plug-in"; path = GoogleMaps.bundle; sourceTree = "<group>"; };
		4F255506191E381300B7B775 /* GoogleMaps.framework */ = {isa = PBXFileReference; lastKnownFileType = wrapper.framework; path = GoogleMaps.framework; sourceTree = "<group>"; };
		4F25550D191E4EA300B7B775 /* ico_map.png */ = {isa = PBXFileReference; lastKnownFileType = image.png; path = ico_map.png; sourceTree = "<group>"; };
		4F25550E191E4EA300B7B775 /* ico_map@2x.png */ = {isa = PBXFileReference; lastKnownFileType = image.png; path = "ico_map@2x.png"; sourceTree = "<group>"; };
		4F25550F191E4EA300B7B775 /* ico_qrcode.png */ = {isa = PBXFileReference; lastKnownFileType = image.png; path = ico_qrcode.png; sourceTree = "<group>"; };
		4F255510191E4EA300B7B775 /* ico_qrcode@2x.png */ = {isa = PBXFileReference; lastKnownFileType = image.png; path = "ico_qrcode@2x.png"; sourceTree = "<group>"; };
		4F255511191E4EA300B7B775 /* ico_register.png */ = {isa = PBXFileReference; lastKnownFileType = image.png; path = ico_register.png; sourceTree = "<group>"; };
		4F255512191E4EA300B7B775 /* ico_register@2x.png */ = {isa = PBXFileReference; lastKnownFileType = image.png; path = "ico_register@2x.png"; sourceTree = "<group>"; };
		4F255513191E4EA300B7B775 /* ico_statics.png */ = {isa = PBXFileReference; lastKnownFileType = image.png; path = ico_statics.png; sourceTree = "<group>"; };
		4F255514191E4EA300B7B775 /* ico_statics@2x.png */ = {isa = PBXFileReference; lastKnownFileType = image.png; path = "ico_statics@2x.png"; sourceTree = "<group>"; };
		4F25551F191E501A00B7B775 /* storm.jpg */ = {isa = PBXFileReference; lastKnownFileType = image.jpeg; path = storm.jpg; sourceTree = "<group>"; };
		4F441901191DDE16005EE6F5 /* FCSK.app */ = {isa = PBXFileReference; explicitFileType = wrapper.application; includeInIndex = 0; path = FCSK.app; sourceTree = BUILT_PRODUCTS_DIR; };
		4F441904191DDE16005EE6F5 /* Foundation.framework */ = {isa = PBXFileReference; lastKnownFileType = wrapper.framework; name = Foundation.framework; path = System/Library/Frameworks/Foundation.framework; sourceTree = SDKROOT; };
		4F441906191DDE16005EE6F5 /* CoreGraphics.framework */ = {isa = PBXFileReference; lastKnownFileType = wrapper.framework; name = CoreGraphics.framework; path = System/Library/Frameworks/CoreGraphics.framework; sourceTree = SDKROOT; };
		4F441908191DDE16005EE6F5 /* UIKit.framework */ = {isa = PBXFileReference; lastKnownFileType = wrapper.framework; name = UIKit.framework; path = System/Library/Frameworks/UIKit.framework; sourceTree = SDKROOT; };
		4F44190C191DDE16005EE6F5 /* FCSK-Info.plist */ = {isa = PBXFileReference; lastKnownFileType = text.plist.xml; path = "FCSK-Info.plist"; sourceTree = "<group>"; };
		4F44190E191DDE17005EE6F5 /* en */ = {isa = PBXFileReference; lastKnownFileType = text.plist.strings; name = en; path = en.lproj/InfoPlist.strings; sourceTree = "<group>"; };
		4F441910191DDE17005EE6F5 /* main.m */ = {isa = PBXFileReference; lastKnownFileType = sourcecode.c.objc; path = main.m; sourceTree = "<group>"; };
		4F441912191DDE17005EE6F5 /* FCSK-Prefix.pch */ = {isa = PBXFileReference; lastKnownFileType = sourcecode.c.h; path = "FCSK-Prefix.pch"; sourceTree = "<group>"; };
		4F441913191DDE17005EE6F5 /* CFIAppDelegate.h */ = {isa = PBXFileReference; lastKnownFileType = sourcecode.c.h; path = CFIAppDelegate.h; sourceTree = "<group>"; };
		4F441914191DDE17005EE6F5 /* CFIAppDelegate.m */ = {isa = PBXFileReference; lastKnownFileType = sourcecode.c.objc; path = CFIAppDelegate.m; sourceTree = "<group>"; };
		4F441916191DDE17005EE6F5 /* Images.xcassets */ = {isa = PBXFileReference; lastKnownFileType = folder.assetcatalog; path = Images.xcassets; sourceTree = "<group>"; };
		4F44191C191DDE17005EE6F5 /* FCSKTests.xctest */ = {isa = PBXFileReference; explicitFileType = wrapper.cfbundle; includeInIndex = 0; path = FCSKTests.xctest; sourceTree = BUILT_PRODUCTS_DIR; };
		4F44191D191DDE17005EE6F5 /* XCTest.framework */ = {isa = PBXFileReference; lastKnownFileType = wrapper.framework; name = XCTest.framework; path = Library/Frameworks/XCTest.framework; sourceTree = DEVELOPER_DIR; };
		4F441925191DDE17005EE6F5 /* FCSKTests-Info.plist */ = {isa = PBXFileReference; lastKnownFileType = text.plist.xml; path = "FCSKTests-Info.plist"; sourceTree = "<group>"; };
		4F441927191DDE17005EE6F5 /* en */ = {isa = PBXFileReference; lastKnownFileType = text.plist.strings; name = en; path = en.lproj/InfoPlist.strings; sourceTree = "<group>"; };
		4F441929191DDE17005EE6F5 /* FCSKTests.m */ = {isa = PBXFileReference; lastKnownFileType = sourcecode.c.objc; path = FCSKTests.m; sourceTree = "<group>"; };
		4F441938191DEB7E005EE6F5 /* CFIBaseitem.h */ = {isa = PBXFileReference; fileEncoding = 4; lastKnownFileType = sourcecode.c.h; path = CFIBaseitem.h; sourceTree = "<group>"; };
		4F441939191DEB7E005EE6F5 /* CFIBaseitem.m */ = {isa = PBXFileReference; fileEncoding = 4; lastKnownFileType = sourcecode.c.objc; path = CFIBaseitem.m; sourceTree = "<group>"; };
		4F44193A191DEB7E005EE6F5 /* CFIUserDetails.h */ = {isa = PBXFileReference; fileEncoding = 4; lastKnownFileType = sourcecode.c.h; path = CFIUserDetails.h; sourceTree = "<group>"; };
		4F44193B191DEB7E005EE6F5 /* CFIUserDetails.m */ = {isa = PBXFileReference; fileEncoding = 4; lastKnownFileType = sourcecode.c.objc; path = CFIUserDetails.m; sourceTree = "<group>"; };
		4F44193E191DEC22005EE6F5 /* Enumerations.h */ = {isa = PBXFileReference; lastKnownFileType = sourcecode.c.h; path = Enumerations.h; sourceTree = "<group>"; };
		C3B3F418191E4469006D5BB4 /* UIAlertView+Blocks.h */ = {isa = PBXFileReference; fileEncoding = 4; lastKnownFileType = sourcecode.c.h; path = "UIAlertView+Blocks.h"; sourceTree = "<group>"; };
		C3B3F419191E4469006D5BB4 /* UIAlertView+Blocks.m */ = {isa = PBXFileReference; fileEncoding = 4; lastKnownFileType = sourcecode.c.objc; path = "UIAlertView+Blocks.m"; sourceTree = "<group>"; };
		C3B3F41B191E5D76006D5BB4 /* CFIRegisterUserViewController.h */ = {isa = PBXFileReference; fileEncoding = 4; lastKnownFileType = sourcecode.c.h; path = CFIRegisterUserViewController.h; sourceTree = "<group>"; };
		C3B3F41C191E5D76006D5BB4 /* CFIRegisterUserViewController.m */ = {isa = PBXFileReference; fileEncoding = 4; lastKnownFileType = sourcecode.c.objc; path = CFIRegisterUserViewController.m; sourceTree = "<group>"; };
		C3B3F41D191E5D76006D5BB4 /* CFIRegisterUserViewController.xib */ = {isa = PBXFileReference; fileEncoding = 4; lastKnownFileType = file.xib; path = CFIRegisterUserViewController.xib; sourceTree = "<group>"; };
		C3B3F420191E5DAC006D5BB4 /* CFIScanViewController.xib */ = {isa = PBXFileReference; fileEncoding = 4; lastKnownFileType = file.xib; path = CFIScanViewController.xib; sourceTree = "<group>"; };
		C3E7EA42191E2853002EFA46 /* CFISignInViewController.h */ = {isa = PBXFileReference; fileEncoding = 4; lastKnownFileType = sourcecode.c.h; name = CFISignInViewController.h; path = ../CFISignInViewController.h; sourceTree = "<group>"; };
		C3E7EA43191E2853002EFA46 /* CFISignInViewController.m */ = {isa = PBXFileReference; fileEncoding = 4; lastKnownFileType = sourcecode.c.objc; name = CFISignInViewController.m; path = ../CFISignInViewController.m; sourceTree = "<group>"; };
		C3E7EA44191E2853002EFA46 /* CFISignInViewController.xib */ = {isa = PBXFileReference; fileEncoding = 4; lastKnownFileType = file.xib; name = CFISignInViewController.xib; path = ../CFISignInViewController.xib; sourceTree = "<group>"; };
		C3E7EA49191E2B8D002EFA46 /* input_field_email_address.png */ = {isa = PBXFileReference; lastKnownFileType = image.png; path = input_field_email_address.png; sourceTree = "<group>"; };
		C3E7EA4A191E2B8D002EFA46 /* input_field_email_address@2x.png */ = {isa = PBXFileReference; lastKnownFileType = image.png; path = "input_field_email_address@2x.png"; sourceTree = "<group>"; };
		C3E7EA52191E31CD002EFA46 /* SCViewController.h */ = {isa = PBXFileReference; fileEncoding = 4; lastKnownFileType = sourcecode.c.h; name = SCViewController.h; path = ../Model/SCViewController.h; sourceTree = "<group>"; };
		C3E7EA53191E31CD002EFA46 /* SCViewController.m */ = {isa = PBXFileReference; fileEncoding = 4; lastKnownFileType = sourcecode.c.objc; name = SCViewController.m; path = ../Model/SCViewController.m; sourceTree = "<group>"; };
		C3E7EA55191E31CD002EFA46 /* beep.mp3 */ = {isa = PBXFileReference; lastKnownFileType = audio.mp3; name = beep.mp3; path = ../Model/beep.mp3; sourceTree = "<group>"; };
		C3E7EA59191E3240002EFA46 /* KSXMLParser.h */ = {isa = PBXFileReference; fileEncoding = 4; lastKnownFileType = sourcecode.c.h; path = KSXMLParser.h; sourceTree = "<group>"; };
		C3E7EA5A191E3240002EFA46 /* KSXMLParser.m */ = {isa = PBXFileReference; fileEncoding = 4; lastKnownFileType = sourcecode.c.objc; path = KSXMLParser.m; sourceTree = "<group>"; };
		C3E7EA5C191E3272002EFA46 /* SCShapeView.h */ = {isa = PBXFileReference; fileEncoding = 4; lastKnownFileType = sourcecode.c.h; path = SCShapeView.h; sourceTree = "<group>"; };
		C3E7EA5D191E3272002EFA46 /* SCShapeView.m */ = {isa = PBXFileReference; fileEncoding = 4; lastKnownFileType = sourcecode.c.objc; path = SCShapeView.m; sourceTree = "<group>"; };
/* End PBXFileReference section */

/* Begin PBXFrameworksBuildPhase section */
		4F4418FE191DDE16005EE6F5 /* Frameworks */ = {
			isa = PBXFrameworksBuildPhase;
			buildActionMask = 2147483647;
			files = (
				4F2554FC191E363200B7B775 /* SystemConfiguration.framework in Frameworks */,
				4F2554FA191E362600B7B775 /* QuartzCore.framework in Frameworks */,
				4F2554F8191E361E00B7B775 /* OpenGLES.framework in Frameworks */,
				4F2554F6191E361700B7B775 /* libz.dylib in Frameworks */,
				4F2554F4191E361000B7B775 /* libicucore.dylib in Frameworks */,
				4F2554F2191E360500B7B775 /* libc++.dylib in Frameworks */,
				4F2554F0191E35FC00B7B775 /* ImageIO.framework in Frameworks */,
				4F2554EE191E35F800B7B775 /* GLKit.framework in Frameworks */,
				4F2554EC191E35EC00B7B775 /* AVFoundation.framework in Frameworks */,
				4F2554EA191E35E600B7B775 /* CoreText.framework in Frameworks */,
				4F2554E8191E35D200B7B775 /* CoreData.framework in Frameworks */,
				4F2554E6191E35CD00B7B775 /* CoreLocation.framework in Frameworks */,
				4F441907191DDE16005EE6F5 /* CoreGraphics.framework in Frameworks */,
				4F441909191DDE16005EE6F5 /* UIKit.framework in Frameworks */,
				4F255507191E381300B7B775 /* GoogleMaps.framework in Frameworks */,
				4F441905191DDE16005EE6F5 /* Foundation.framework in Frameworks */,
			);
			runOnlyForDeploymentPostprocessing = 0;
		};
		4F441919191DDE17005EE6F5 /* Frameworks */ = {
			isa = PBXFrameworksBuildPhase;
			buildActionMask = 2147483647;
			files = (
				4F44191E191DDE17005EE6F5 /* XCTest.framework in Frameworks */,
				4F441920191DDE17005EE6F5 /* UIKit.framework in Frameworks */,
				4F44191F191DDE17005EE6F5 /* Foundation.framework in Frameworks */,
			);
			runOnlyForDeploymentPostprocessing = 0;
		};
/* End PBXFrameworksBuildPhase section */

/* Begin PBXGroup section */
		4F117612191DF0BB00C0000D /* API */ = {
			isa = PBXGroup;
			children = (
				4F117613191DF0BB00C0000D /* CFIApi.h */,
				4F117614191DF0BB00C0000D /* CFIApi.m */,
				4F117615191DF0BB00C0000D /* MPMuseumDataApi.h */,
				4F117616191DF0BB00C0000D /* MPMuseumDataApi.m */,
				4F117617191DF0BB00C0000D /* CFILoginDetails.h */,
				4F117618191DF0BB00C0000D /* CFILoginDetails.m */,
			);
			path = API;
			sourceTree = SOURCE_ROOT;
		};
		4F25550B191E4EA300B7B775 /* Images */ = {
			isa = PBXGroup;
			children = (
				4F25551F191E501A00B7B775 /* storm.jpg */,
				4F25550C191E4EA300B7B775 /* ActionIcons */,
			);
			path = Images;
			sourceTree = "<group>";
		};
		4F25550C191E4EA300B7B775 /* ActionIcons */ = {
			isa = PBXGroup;
			children = (
				4F25550D191E4EA300B7B775 /* ico_map.png */,
				4F25550E191E4EA300B7B775 /* ico_map@2x.png */,
				4F25550F191E4EA300B7B775 /* ico_qrcode.png */,
				4F255510191E4EA300B7B775 /* ico_qrcode@2x.png */,
				4F255511191E4EA300B7B775 /* ico_register.png */,
				4F255512191E4EA300B7B775 /* ico_register@2x.png */,
				4F255513191E4EA300B7B775 /* ico_statics.png */,
				4F255514191E4EA300B7B775 /* ico_statics@2x.png */,
			);
			path = ActionIcons;
			sourceTree = "<group>";
		};
		4F4418F8191DDE16005EE6F5 = {
			isa = PBXGroup;
			children = (
				4F44190A191DDE16005EE6F5 /* FCSK */,
				4F441923191DDE17005EE6F5 /* FCSKTests */,
				4F441903191DDE16005EE6F5 /* Frameworks */,
				4F441902191DDE16005EE6F5 /* Products */,
			);
			sourceTree = "<group>";
		};
		4F441902191DDE16005EE6F5 /* Products */ = {
			isa = PBXGroup;
			children = (
				4F441901191DDE16005EE6F5 /* FCSK.app */,
				4F44191C191DDE17005EE6F5 /* FCSKTests.xctest */,
			);
			name = Products;
			sourceTree = "<group>";
		};
		4F441903191DDE16005EE6F5 /* Frameworks */ = {
			isa = PBXGroup;
			children = (
				4F255506191E381300B7B775 /* GoogleMaps.framework */,
				4F255504191E372000B7B775 /* GoogleMaps.bundle */,
				4F2554FB191E363200B7B775 /* SystemConfiguration.framework */,
				4F2554F9191E362600B7B775 /* QuartzCore.framework */,
				4F2554F7191E361E00B7B775 /* OpenGLES.framework */,
				4F2554F5191E361700B7B775 /* libz.dylib */,
				4F2554F3191E361000B7B775 /* libicucore.dylib */,
				4F2554F1191E360500B7B775 /* libc++.dylib */,
				4F2554EF191E35FC00B7B775 /* ImageIO.framework */,
				4F2554ED191E35F800B7B775 /* GLKit.framework */,
				4F2554EB191E35EC00B7B775 /* AVFoundation.framework */,
				4F2554E9191E35E600B7B775 /* CoreText.framework */,
				4F2554E7191E35D200B7B775 /* CoreData.framework */,
				4F2554E5191E35CD00B7B775 /* CoreLocation.framework */,
				4F441904191DDE16005EE6F5 /* Foundation.framework */,
				4F441906191DDE16005EE6F5 /* CoreGraphics.framework */,
				4F441908191DDE16005EE6F5 /* UIKit.framework */,
				4F44191D191DDE17005EE6F5 /* XCTest.framework */,
			);
			name = Frameworks;
			sourceTree = "<group>";
		};
		4F44190A191DDE16005EE6F5 /* FCSK */ = {
			isa = PBXGroup;
			children = (
				4F25550B191E4EA300B7B775 /* Images */,
				C3B3F418191E4469006D5BB4 /* UIAlertView+Blocks.h */,
				C3B3F419191E4469006D5BB4 /* UIAlertView+Blocks.m */,
				C3E7EA59191E3240002EFA46 /* KSXMLParser.h */,
				C3E7EA5A191E3240002EFA46 /* KSXMLParser.m */,
				C3E7EA5C191E3272002EFA46 /* SCShapeView.h */,
				C3E7EA5D191E3272002EFA46 /* SCShapeView.m */,
				C3E7EA52191E31CD002EFA46 /* SCViewController.h */,
				C3E7EA53191E31CD002EFA46 /* SCViewController.m */,
				C3B3F420191E5DAC006D5BB4 /* CFIScanViewController.xib */,
				C3E7EA55191E31CD002EFA46 /* beep.mp3 */,
				4F117612191DF0BB00C0000D /* API */,
				4F441937191DEB7E005EE6F5 /* Model */,
				4F441933191DDE2D005EE6F5 /* Controllers */,
				4F441913191DDE17005EE6F5 /* CFIAppDelegate.h */,
				4F441914191DDE17005EE6F5 /* CFIAppDelegate.m */,
				C3E7EA49191E2B8D002EFA46 /* input_field_email_address.png */,
				C3E7EA4A191E2B8D002EFA46 /* input_field_email_address@2x.png */,
				4F441916191DDE17005EE6F5 /* Images.xcassets */,
				4F44190B191DDE16005EE6F5 /* Supporting Files */,
			);
			path = FCSK;
			sourceTree = "<group>";
		};
		4F44190B191DDE16005EE6F5 /* Supporting Files */ = {
			isa = PBXGroup;
			children = (
				4F44190C191DDE16005EE6F5 /* FCSK-Info.plist */,
				4F44190D191DDE17005EE6F5 /* InfoPlist.strings */,
				4F441910191DDE17005EE6F5 /* main.m */,
				4F441912191DDE17005EE6F5 /* FCSK-Prefix.pch */,
			);
			name = "Supporting Files";
			sourceTree = "<group>";
		};
		4F441923191DDE17005EE6F5 /* FCSKTests */ = {
			isa = PBXGroup;
			children = (
				4F441929191DDE17005EE6F5 /* FCSKTests.m */,
				4F441924191DDE17005EE6F5 /* Supporting Files */,
			);
			path = FCSKTests;
			sourceTree = "<group>";
		};
		4F441924191DDE17005EE6F5 /* Supporting Files */ = {
			isa = PBXGroup;
			children = (
				4F441925191DDE17005EE6F5 /* FCSKTests-Info.plist */,
				4F441926191DDE17005EE6F5 /* InfoPlist.strings */,
			);
			name = "Supporting Files";
			sourceTree = "<group>";
		};
		4F441933191DDE2D005EE6F5 /* Controllers */ = {
			isa = PBXGroup;
			children = (
				C3E7EA42191E2853002EFA46 /* CFISignInViewController.h */,
				C3E7EA43191E2853002EFA46 /* CFISignInViewController.m */,
				C3E7EA44191E2853002EFA46 /* CFISignInViewController.xib */,
				4F117624191E270E00C0000D /* CFIRootViewController.h */,
				4F117625191E270E00C0000D /* CFIRootViewController.m */,
				4F117626191E270E00C0000D /* CFIRootViewController.xib */,
				4F255501191E36AB00B7B775 /* CFIMapViewController.h */,
				4F255502191E36AB00B7B775 /* CFIMapViewController.m */,
				C3B3F41B191E5D76006D5BB4 /* CFIRegisterUserViewController.h */,
				C3B3F41C191E5D76006D5BB4 /* CFIRegisterUserViewController.m */,
				C3B3F41D191E5D76006D5BB4 /* CFIRegisterUserViewController.xib */,
				C3E7EA4D191E30D0002EFA46 /* CFIScanViewController.h */,
				C3E7EA4E191E30D0002EFA46 /* CFIScanViewController.m */,
				C3E7EA4F191E30D0002EFA46 /* CFIScanViewController.xib */,
			);
			name = Controllers;
			sourceTree = "<group>";
		};
		4F441937191DEB7E005EE6F5 /* Model */ = {
			isa = PBXGroup;
			children = (
				4F44193E191DEC22005EE6F5 /* Enumerations.h */,
				4F441938191DEB7E005EE6F5 /* CFIBaseitem.h */,
				4F441939191DEB7E005EE6F5 /* CFIBaseitem.m */,
				4F44193A191DEB7E005EE6F5 /* CFIUserDetails.h */,
				4F44193B191DEB7E005EE6F5 /* CFIUserDetails.m */,
				4F11761C191DF1A100C0000D /* CFILocation.h */,
				4F11761D191DF1A100C0000D /* CFILocation.m */,
				4F11761F191DF24B00C0000D /* CFIIncidentLoacation.h */,
				4F117620191DF24B00C0000D /* CFIIncidentLoacation.m */,
			);
			path = Model;
			sourceTree = SOURCE_ROOT;
		};
/* End PBXGroup section */

/* Begin PBXNativeTarget section */
		4F441900191DDE16005EE6F5 /* FCSK */ = {
			isa = PBXNativeTarget;
			buildConfigurationList = 4F44192D191DDE17005EE6F5 /* Build configuration list for PBXNativeTarget "FCSK" */;
			buildPhases = (
				4F4418FD191DDE16005EE6F5 /* Sources */,
				4F4418FE191DDE16005EE6F5 /* Frameworks */,
				4F4418FF191DDE16005EE6F5 /* Resources */,
			);
			buildRules = (
			);
			dependencies = (
			);
			name = FCSK;
			productName = FCSK;
			productReference = 4F441901191DDE16005EE6F5 /* FCSK.app */;
			productType = "com.apple.product-type.application";
		};
		4F44191B191DDE17005EE6F5 /* FCSKTests */ = {
			isa = PBXNativeTarget;
			buildConfigurationList = 4F441930191DDE17005EE6F5 /* Build configuration list for PBXNativeTarget "FCSKTests" */;
			buildPhases = (
				4F441918191DDE17005EE6F5 /* Sources */,
				4F441919191DDE17005EE6F5 /* Frameworks */,
				4F44191A191DDE17005EE6F5 /* Resources */,
			);
			buildRules = (
			);
			dependencies = (
				4F441922191DDE17005EE6F5 /* PBXTargetDependency */,
			);
			name = FCSKTests;
			productName = FCSKTests;
			productReference = 4F44191C191DDE17005EE6F5 /* FCSKTests.xctest */;
			productType = "com.apple.product-type.bundle.unit-test";
		};
/* End PBXNativeTarget section */

/* Begin PBXProject section */
		4F4418F9191DDE16005EE6F5 /* Project object */ = {
			isa = PBXProject;
			attributes = {
				CLASSPREFIX = CFI;
				LastUpgradeCheck = 0510;
				ORGANIZATIONNAME = Mahesh;
				TargetAttributes = {
					4F44191B191DDE17005EE6F5 = {
						TestTargetID = 4F441900191DDE16005EE6F5;
					};
				};
			};
			buildConfigurationList = 4F4418FC191DDE16005EE6F5 /* Build configuration list for PBXProject "FCSK" */;
			compatibilityVersion = "Xcode 3.2";
			developmentRegion = English;
			hasScannedForEncodings = 0;
			knownRegions = (
				en,
			);
			mainGroup = 4F4418F8191DDE16005EE6F5;
			productRefGroup = 4F441902191DDE16005EE6F5 /* Products */;
			projectDirPath = "";
			projectRoot = "";
			targets = (
				4F441900191DDE16005EE6F5 /* FCSK */,
				4F44191B191DDE17005EE6F5 /* FCSKTests */,
			);
		};
/* End PBXProject section */

/* Begin PBXResourcesBuildPhase section */
		4F4418FF191DDE16005EE6F5 /* Resources */ = {
			isa = PBXResourcesBuildPhase;
			buildActionMask = 2147483647;
			files = (
				C3B3F421191E5DAC006D5BB4 /* CFIScanViewController.xib in Resources */,
				C3E7EA4B191E2B8D002EFA46 /* input_field_email_address.png in Resources */,
				C3B3F41F191E5D76006D5BB4 /* CFIRegisterUserViewController.xib in Resources */,
				4F255516191E4EA300B7B775 /* ico_map.png in Resources */,
				4F117628191E270E00C0000D /* CFIRootViewController.xib in Resources */,
				4F25551C191E4EA300B7B775 /* ico_statics.png in Resources */,
				C3E7EA58191E31CD002EFA46 /* beep.mp3 in Resources */,
				4F25551A191E4EA300B7B775 /* ico_register.png in Resources */,
				4F255520191E501A00B7B775 /* storm.jpg in Resources */,
				C3E7EA57191E31CD002EFA46 /* SCViewController.xib in Resources */,
				C3E7EA4C191E2B8D002EFA46 /* input_field_email_address@2x.png in Resources */,
				4F255519191E4EA300B7B775 /* ico_qrcode@2x.png in Resources */,
				C3E7EA51191E30D0002EFA46 /* CFIScanViewController.xib in Resources */,
				4F255517191E4EA300B7B775 /* ico_map@2x.png in Resources */,
				C3E7EA46191E2853002EFA46 /* CFISignInViewController.xib in Resources */,
				4F44190F191DDE17005EE6F5 /* InfoPlist.strings in Resources */,
				4F255518191E4EA300B7B775 /* ico_qrcode.png in Resources */,
				4F441917191DDE17005EE6F5 /* Images.xcassets in Resources */,
				4F255505191E372000B7B775 /* GoogleMaps.bundle in Resources */,
				4F25551D191E4EA300B7B775 /* ico_statics@2x.png in Resources */,
				4F25551B191E4EA300B7B775 /* ico_register@2x.png in Resources */,
			);
			runOnlyForDeploymentPostprocessing = 0;
		};
		4F44191A191DDE17005EE6F5 /* Resources */ = {
			isa = PBXResourcesBuildPhase;
			buildActionMask = 2147483647;
			files = (
				4F441928191DDE17005EE6F5 /* InfoPlist.strings in Resources */,
			);
			runOnlyForDeploymentPostprocessing = 0;
		};
/* End PBXResourcesBuildPhase section */

/* Begin PBXSourcesBuildPhase section */
		4F4418FD191DDE16005EE6F5 /* Sources */ = {
			isa = PBXSourcesBuildPhase;
			buildActionMask = 2147483647;
			files = (
				4F44193D191DEB7E005EE6F5 /* CFIUserDetails.m in Sources */,
				4F441911191DDE17005EE6F5 /* main.m in Sources */,
				4F11761A191DF0BB00C0000D /* MPMuseumDataApi.m in Sources */,
				C3E7EA56191E31CD002EFA46 /* SCViewController.m in Sources */,
				C3E7EA45191E2853002EFA46 /* CFISignInViewController.m in Sources */,
				4F255503191E36AB00B7B775 /* CFIMapViewController.m in Sources */,
				4F117621191DF24B00C0000D /* CFIIncidentLoacation.m in Sources */,
				4F117619191DF0BB00C0000D /* CFIApi.m in Sources */,
				4F11761E191DF1A100C0000D /* CFILocation.m in Sources */,
				4F44193C191DEB7E005EE6F5 /* CFIBaseitem.m in Sources */,
				C3E7EA5B191E3240002EFA46 /* KSXMLParser.m in Sources */,
				4F117627191E270E00C0000D /* CFIRootViewController.m in Sources */,
				4F11761B191DF0BB00C0000D /* CFILoginDetails.m in Sources */,
				C3B3F41A191E4469006D5BB4 /* UIAlertView+Blocks.m in Sources */,
				C3B3F41E191E5D76006D5BB4 /* CFIRegisterUserViewController.m in Sources */,
				C3E7EA5E191E3272002EFA46 /* SCShapeView.m in Sources */,
				4F441915191DDE17005EE6F5 /* CFIAppDelegate.m in Sources */,
			);
			runOnlyForDeploymentPostprocessing = 0;
		};
		4F441918191DDE17005EE6F5 /* Sources */ = {
			isa = PBXSourcesBuildPhase;
			buildActionMask = 2147483647;
			files = (
				4F44192A191DDE17005EE6F5 /* FCSKTests.m in Sources */,
			);
			runOnlyForDeploymentPostprocessing = 0;
		};
/* End PBXSourcesBuildPhase section */

/* Begin PBXTargetDependency section */
		4F441922191DDE17005EE6F5 /* PBXTargetDependency */ = {
			isa = PBXTargetDependency;
			target = 4F441900191DDE16005EE6F5 /* FCSK */;
			targetProxy = 4F441921191DDE17005EE6F5 /* PBXContainerItemProxy */;
		};
/* End PBXTargetDependency section */

/* Begin PBXVariantGroup section */
		4F44190D191DDE17005EE6F5 /* InfoPlist.strings */ = {
			isa = PBXVariantGroup;
			children = (
				4F44190E191DDE17005EE6F5 /* en */,
			);
			name = InfoPlist.strings;
			sourceTree = "<group>";
		};
		4F441926191DDE17005EE6F5 /* InfoPlist.strings */ = {
			isa = PBXVariantGroup;
			children = (
				4F441927191DDE17005EE6F5 /* en */,
			);
			name = InfoPlist.strings;
			sourceTree = "<group>";
		};
/* End PBXVariantGroup section */

/* Begin XCBuildConfiguration section */
		4F44192B191DDE17005EE6F5 /* Debug */ = {
			isa = XCBuildConfiguration;
			buildSettings = {
				ALWAYS_SEARCH_USER_PATHS = NO;
				CLANG_CXX_LANGUAGE_STANDARD = "gnu++0x";
				CLANG_CXX_LIBRARY = "libc++";
				CLANG_ENABLE_MODULES = YES;
				CLANG_ENABLE_OBJC_ARC = YES;
				CLANG_WARN_BOOL_CONVERSION = YES;
				CLANG_WARN_CONSTANT_CONVERSION = YES;
				CLANG_WARN_DIRECT_OBJC_ISA_USAGE = YES_ERROR;
				CLANG_WARN_EMPTY_BODY = YES;
				CLANG_WARN_ENUM_CONVERSION = YES;
				CLANG_WARN_INT_CONVERSION = YES;
				CLANG_WARN_OBJC_ROOT_CLASS = YES_ERROR;
				CLANG_WARN__DUPLICATE_METHOD_MATCH = YES;
				"CODE_SIGN_IDENTITY[sdk=iphoneos*]" = "iPhone Developer";
				COPY_PHASE_STRIP = NO;
				GCC_C_LANGUAGE_STANDARD = gnu99;
				GCC_DYNAMIC_NO_PIC = NO;
				GCC_OPTIMIZATION_LEVEL = 0;
				GCC_PREPROCESSOR_DEFINITIONS = (
					"DEBUG=1",
					"$(inherited)",
				);
				GCC_SYMBOLS_PRIVATE_EXTERN = NO;
				GCC_WARN_64_TO_32_BIT_CONVERSION = YES;
				GCC_WARN_ABOUT_RETURN_TYPE = YES_ERROR;
				GCC_WARN_UNDECLARED_SELECTOR = YES;
				GCC_WARN_UNINITIALIZED_AUTOS = YES_AGGRESSIVE;
				GCC_WARN_UNUSED_FUNCTION = YES;
				GCC_WARN_UNUSED_VARIABLE = YES;
				IPHONEOS_DEPLOYMENT_TARGET = 7.1;
				ONLY_ACTIVE_ARCH = YES;
				SDKROOT = iphoneos;
			};
			name = Debug;
		};
		4F44192C191DDE17005EE6F5 /* Release */ = {
			isa = XCBuildConfiguration;
			buildSettings = {
				ALWAYS_SEARCH_USER_PATHS = NO;
				CLANG_CXX_LANGUAGE_STANDARD = "gnu++0x";
				CLANG_CXX_LIBRARY = "libc++";
				CLANG_ENABLE_MODULES = YES;
				CLANG_ENABLE_OBJC_ARC = YES;
				CLANG_WARN_BOOL_CONVERSION = YES;
				CLANG_WARN_CONSTANT_CONVERSION = YES;
				CLANG_WARN_DIRECT_OBJC_ISA_USAGE = YES_ERROR;
				CLANG_WARN_EMPTY_BODY = YES;
				CLANG_WARN_ENUM_CONVERSION = YES;
				CLANG_WARN_INT_CONVERSION = YES;
				CLANG_WARN_OBJC_ROOT_CLASS = YES_ERROR;
				CLANG_WARN__DUPLICATE_METHOD_MATCH = YES;
				"CODE_SIGN_IDENTITY[sdk=iphoneos*]" = "iPhone Developer";
				COPY_PHASE_STRIP = YES;
				ENABLE_NS_ASSERTIONS = NO;
				GCC_C_LANGUAGE_STANDARD = gnu99;
				GCC_WARN_64_TO_32_BIT_CONVERSION = YES;
				GCC_WARN_ABOUT_RETURN_TYPE = YES_ERROR;
				GCC_WARN_UNDECLARED_SELECTOR = YES;
				GCC_WARN_UNINITIALIZED_AUTOS = YES_AGGRESSIVE;
				GCC_WARN_UNUSED_FUNCTION = YES;
				GCC_WARN_UNUSED_VARIABLE = YES;
				IPHONEOS_DEPLOYMENT_TARGET = 7.1;
				SDKROOT = iphoneos;
				VALIDATE_PRODUCT = YES;
			};
			name = Release;
		};
		4F44192E191DDE17005EE6F5 /* Debug */ = {
			isa = XCBuildConfiguration;
			buildSettings = {
				ASSETCATALOG_COMPILER_APPICON_NAME = AppIcon;
				ASSETCATALOG_COMPILER_LAUNCHIMAGE_NAME = LaunchImage;
				FRAMEWORK_SEARCH_PATHS = (
					"$(inherited)",
					"$(PROJECT_DIR)",
				);
				GCC_PRECOMPILE_PREFIX_HEADER = YES;
				GCC_PREFIX_HEADER = "FCSK/FCSK-Prefix.pch";
				INFOPLIST_FILE = "FCSK/FCSK-Info.plist";
				IPHONEOS_DEPLOYMENT_TARGET = 7.1;
				OTHER_LDFLAGS = "-ObjC";
				PRODUCT_NAME = "$(TARGET_NAME)";
				TARGETED_DEVICE_FAMILY = 2;
				WRAPPER_EXTENSION = app;
			};
			name = Debug;
		};
		4F44192F191DDE17005EE6F5 /* Release */ = {
			isa = XCBuildConfiguration;
			buildSettings = {
				ASSETCATALOG_COMPILER_APPICON_NAME = AppIcon;
				ASSETCATALOG_COMPILER_LAUNCHIMAGE_NAME = LaunchImage;
				FRAMEWORK_SEARCH_PATHS = (
					"$(inherited)",
					"$(PROJECT_DIR)",
				);
				GCC_PRECOMPILE_PREFIX_HEADER = YES;
				GCC_PREFIX_HEADER = "FCSK/FCSK-Prefix.pch";
				INFOPLIST_FILE = "FCSK/FCSK-Info.plist";
				IPHONEOS_DEPLOYMENT_TARGET = 7.1;
				OTHER_LDFLAGS = "-ObjC";
				PRODUCT_NAME = "$(TARGET_NAME)";
				TARGETED_DEVICE_FAMILY = 2;
				WRAPPER_EXTENSION = app;
			};
			name = Release;
		};
		4F441931191DDE17005EE6F5 /* Debug */ = {
			isa = XCBuildConfiguration;
			buildSettings = {
				BUNDLE_LOADER = "$(BUILT_PRODUCTS_DIR)/FCSK.app/FCSK";
				FRAMEWORK_SEARCH_PATHS = (
					"$(SDKROOT)/Developer/Library/Frameworks",
					"$(inherited)",
					"$(DEVELOPER_FRAMEWORKS_DIR)",
				);
				GCC_PRECOMPILE_PREFIX_HEADER = YES;
				GCC_PREFIX_HEADER = "FCSK/FCSK-Prefix.pch";
				GCC_PREPROCESSOR_DEFINITIONS = (
					"DEBUG=1",
					"$(inherited)",
				);
				INFOPLIST_FILE = "FCSKTests/FCSKTests-Info.plist";
				PRODUCT_NAME = "$(TARGET_NAME)";
				TEST_HOST = "$(BUNDLE_LOADER)";
				WRAPPER_EXTENSION = xctest;
			};
			name = Debug;
		};
		4F441932191DDE17005EE6F5 /* Release */ = {
			isa = XCBuildConfiguration;
			buildSettings = {
				BUNDLE_LOADER = "$(BUILT_PRODUCTS_DIR)/FCSK.app/FCSK";
				FRAMEWORK_SEARCH_PATHS = (
					"$(SDKROOT)/Developer/Library/Frameworks",
					"$(inherited)",
					"$(DEVELOPER_FRAMEWORKS_DIR)",
				);
				GCC_PRECOMPILE_PREFIX_HEADER = YES;
				GCC_PREFIX_HEADER = "FCSK/FCSK-Prefix.pch";
				INFOPLIST_FILE = "FCSKTests/FCSKTests-Info.plist";
				PRODUCT_NAME = "$(TARGET_NAME)";
				TEST_HOST = "$(BUNDLE_LOADER)";
				WRAPPER_EXTENSION = xctest;
			};
			name = Release;
		};
/* End XCBuildConfiguration section */

/* Begin XCConfigurationList section */
		4F4418FC191DDE16005EE6F5 /* Build configuration list for PBXProject "FCSK" */ = {
			isa = XCConfigurationList;
			buildConfigurations = (
				4F44192B191DDE17005EE6F5 /* Debug */,
				4F44192C191DDE17005EE6F5 /* Release */,
			);
			defaultConfigurationIsVisible = 0;
			defaultConfigurationName = Release;
		};
		4F44192D191DDE17005EE6F5 /* Build configuration list for PBXNativeTarget "FCSK" */ = {
			isa = XCConfigurationList;
			buildConfigurations = (
				4F44192E191DDE17005EE6F5 /* Debug */,
				4F44192F191DDE17005EE6F5 /* Release */,
			);
			defaultConfigurationIsVisible = 0;
			defaultConfigurationName = Release;
		};
		4F441930191DDE17005EE6F5 /* Build configuration list for PBXNativeTarget "FCSKTests" */ = {
			isa = XCConfigurationList;
			buildConfigurations = (
				4F441931191DDE17005EE6F5 /* Debug */,
				4F441932191DDE17005EE6F5 /* Release */,
			);
			defaultConfigurationIsVisible = 0;
			defaultConfigurationName = Release;
		};
/* End XCConfigurationList section */
	};
	rootObject = 4F4418F9191DDE16005EE6F5 /* Project object */;
}
